{
  "nodes": {
    "flake-utils": {
      "locked": {
        "lastModified": 1623875721,
        "narHash": "sha256-A8BU7bjS5GirpAUv4QA+QnJ4CceLHkcXdRp4xITDB0s=",
        "owner": "numtide",
        "repo": "flake-utils",
        "rev": "f7e004a55b120c02ecb6219596820fcd32ca8772",
        "type": "github"
      },
      "original": {
        "owner": "numtide",
        "repo": "flake-utils",
        "type": "github"
      }
    },
    "nur": {
      "locked": {
        "lastModified": 1643468130,
        "narHash": "sha256-+FD1Jb9/+zuE3+/w68KLr9b2p/DZzuC9nH/Qx2Su1HI=",
        "ref": "master",
        "rev": "c71946f388270f9ec269ab1c81ab8025dca4656b",
        "revCount": 4068,
        "type": "git",
        "url": "file:///home/alex3rd/workspace/repos/github.com/wiedzmin/NUR"
      },
      "original": {
        "type": "git",
        "url": "file:///home/alex3rd/workspace/repos/github.com/wiedzmin/NUR"
      }
    },
    "root": {
      "inputs": {
        "flake-utils": "flake-utils",
        "nur": "nur",
        "unstable": "unstable"
      }
    },
    "unstable": {
      "locked": {
        "lastModified": 1626556499,
        "narHash": "sha256-c2ueMT7fi/yvCNq3nGLEC2v5GklS7eHpB1240LRSW9Y=",
        "owner": "NixOS",
        "repo": "nixpkgs",
        "rev": "b59c06dc92f8d03660eb4155754d93a6c34cda83",
        "type": "github"
      },
      "original": {
        "owner": "NixOS",
        "repo": "nixpkgs",
        "rev": "b59c06dc92f8d03660eb4155754d93a6c34cda83",
        "type": "github"
      }
    }
  },
  "root": "root",
  "version": 7
}
